
Microsoft Visual Studio Solution File, Format Version 12.00
# Visual Studio Version 17
VisualStudioVersion = 17.7.34031.279
MinimumVisualStudioVersion = 10.0.40219.1
Project("{FAE04EC0-301F-11D3-BF4B-00C04F79EFBC}") = "PythonABC", "PythonABC.csproj", "{E2E0D0C9-505B-44D8-82A5-0D5C64B7AEBE}"
EndProject
Global
	GlobalSection(SolutionConfigurationPlatforms) = preSolution
		Debug|Any CPU = Debug|Any CPU
		Release|Any CPU = Release|Any CPU
	EndGlobalSection
	GlobalSection(ProjectConfigurationPlatforms) = postSolution
		{E2E0D0C9-505B-44D8-82A5-0D5C64B7AEBE}.Debug|Any CPU.ActiveCfg = Debug|Any CPU
		{E2E0D0C9-505B-44D8-82A5-0D5C64B7AEBE}.Debug|Any CPU.Build.0 = Debug|Any CPU
		{E2E0D0C9-505B-44D8-82A5-0D5C64B7AEBE}.Release|Any CPU.ActiveCfg = Release|Any CPU
		{E2E0D0C9-505B-44D8-82A5-0D5C64B7AEBE}.Release|Any CPU.Build.0 = Release|Any CPU
	EndGlobalSection
	GlobalSection(SolutionProperties) = preSolution
		HideSolutionNode = FALSE
	EndGlobalSection
	GlobalSection(ExtensibilityGlobals) = postSolution
		SolutionGuid = {BA21CF31-95AA-456D-8CD2-CA241C01E385}
	EndGlobalSection
EndGlobal
